#MicroXplorer Configuration settings - do not modify
CAD.formats=
CAD.pinconfig=
CAD.provider=
CORTEX_M33_NS.userName=CORTEX_M33
FILEX.FX_APP_MEM_POOL_SIZE=(2* 1024)
FILEX.GENERATE_FILEX_INIT_CODE=false
FILEX.IPParameters=useRTOS,FX_APP_MEM_POOL_SIZE,GENERATE_FILEX_INIT_CODE
FILEX.IPParametersWithoutCheck=FX_APP_MEM_POOL_SIZE
FILEX.useRTOS=1
File.Version=6
GPDMA1.DESTINC_GPDMACH4=DMA_DINC_INCREMENTED
GPDMA1.DIRECTION_GPDMACH5=DMA_MEMORY_TO_PERIPH
GPDMA1.IPHANDLE_GPDMACH4-SIMPLEREQUEST_GPDMACH4=__NULL
GPDMA1.IPHANDLE_GPDMACH5-SIMPLEREQUEST_GPDMACH5=__NULL
GPDMA1.IPParameters=REQUEST_GPDMACH4,IPHANDLE_GPDMACH4-SIMPLEREQUEST_GPDMACH4,IPHANDLE_GPDMACH5-SIMPLEREQUEST_GPDMACH5,REQUEST_GPDMACH5,DESTINC_GPDMACH4,PRIORITY_GPDMACH4,SRCINC_GPDMACH5,PRIORITY_GPDMACH5,DIRECTION_GPDMACH5,TRANSFERALLOCATEDPORTSRC_GPDMACH4,TRANSFERALLOCATEDPORTSRC_GPDMACH5,TRANSFERALLOCATEDPORTDEST_GPDMACH5,TRANSFERALLOCATEDPORTDEST_GPDMACH4
GPDMA1.PRIORITY_GPDMACH4=DMA_LOW_PRIORITY_HIGH_WEIGHT
GPDMA1.PRIORITY_GPDMACH5=DMA_LOW_PRIORITY_HIGH_WEIGHT
GPDMA1.REQUEST_GPDMACH4=GPDMA1_REQUEST_SPI5_RX
GPDMA1.REQUEST_GPDMACH5=GPDMA1_REQUEST_SPI5_TX
GPDMA1.SRCINC_GPDMACH5=DMA_SINC_INCREMENTED
GPDMA1.TRANSFERALLOCATEDPORTDEST_GPDMACH4=DMA_DEST_ALLOCATED_PORT1
GPDMA1.TRANSFERALLOCATEDPORTDEST_GPDMACH5=DMA_DEST_ALLOCATED_PORT1
GPDMA1.TRANSFERALLOCATEDPORTSRC_GPDMACH4=DMA_SRC_ALLOCATED_PORT0
GPDMA1.TRANSFERALLOCATEDPORTSRC_GPDMACH5=DMA_SRC_ALLOCATED_PORT0
GPIO.groupedBy=Group By Peripherals
KeepUserPlacement=false
Mcu.CPN=STM32H573IIK3Q
Mcu.ContextProject=TrustZoneDisabled
Mcu.Family=STM32H5
Mcu.IP0=CORTEX_M33_NS
Mcu.IP1=DEBUG
Mcu.IP10=SPI5
Mcu.IP11=SYS
Mcu.IP12=THREADX
Mcu.IP13=USART1
Mcu.IP2=FILEX
Mcu.IP3=GPDMA1
Mcu.IP4=ICACHE
Mcu.IP5=NETXDUO
Mcu.IP6=NVIC
Mcu.IP7=PWR
Mcu.IP8=RCC
Mcu.IP9=RNG
Mcu.IPNb=14
Mcu.Name=STM32H573IIKxQ
Mcu.Package=UFBGA176
Mcu.Pin0=PB3(JTDO/TRACESWO)
Mcu.Pin1=PA14(JTCK/SWCLK)
Mcu.Pin10=PH8
Mcu.Pin11=PH4
Mcu.Pin12=PB0
Mcu.Pin13=VP_FILEX_VS_FileOoSystemJjFileXJjCore
Mcu.Pin14=VP_GPDMA1_VS_GPDMACH4
Mcu.Pin15=VP_GPDMA1_VS_GPDMACH5
Mcu.Pin16=VP_ICACHE_VS_ICACHE
Mcu.Pin17=VP_NETXDUO_VS_NXOoCore
Mcu.Pin18=VP_NETXDUO_VS_AddonsOoDHCP
Mcu.Pin19=VP_NETXDUO_VS_AddonsOoWebOoServer
Mcu.Pin2=PA13(JTMS/SWDIO)
Mcu.Pin20=VP_PWR_VS_SECSignals
Mcu.Pin21=VP_RNG_VS_RNG
Mcu.Pin22=VP_SYS_VS_tim6
Mcu.Pin23=VP_THREADX_VS_RTOSJjThreadXJjCoreJjDefault
Mcu.Pin3=PA10
Mcu.Pin4=PA9
Mcu.Pin5=PF3
Mcu.Pin6=PF6
Mcu.Pin7=PF8
Mcu.Pin8=PF9
Mcu.Pin9=PF7
Mcu.PinsNb=24
Mcu.ThirdPartyNb=0
Mcu.UserConstants=
Mcu.UserName=STM32H573IIKxQ
MxCube.Version=6.9.0
MxDb.Version=DB.6.0.90
NETXDUO.IPParameters=NX_DISABLE_LOOPBACK_INTERFACE,NX_ENABLE_IP_RAW_PACKET_FILTER,NX_DHCP_THREAD_PRIORITY,NX_APP_MEM_POOL_SIZE,NX_DRIVER_DEFERRED_PROCESSING,NX_PHYSICAL_HEADER,NX_ENABLE_EXTENDED_NOTIFY_SUPPORT,NX_WEB_HTTP_SERVER_PRIORITY,NX_IP_PERIODIC_RATE,NX_WEB_HTTP_NO_FILEX
NETXDUO.IPParametersWithoutCheck=NX_IP_PERIODIC_RATE,NX_DHCP_THREAD_PRIORITY,NX_WEB_HTTP_SERVER_PRIORITY
NETXDUO.NX_APP_MEM_POOL_SIZE=(160 * 1024)
NETXDUO.NX_DHCP_THREAD_PRIORITY=(NETX_IP_THREAD_PRIORITY + 1)
NETXDUO.NX_DISABLE_LOOPBACK_INTERFACE=true
NETXDUO.NX_DRIVER_DEFERRED_PROCESSING=true
NETXDUO.NX_ENABLE_EXTENDED_NOTIFY_SUPPORT=false
NETXDUO.NX_ENABLE_IP_RAW_PACKET_FILTER=false
NETXDUO.NX_IP_PERIODIC_RATE=TX_TIMER_TICKS_PER_SECOND
NETXDUO.NX_PHYSICAL_HEADER=44
NETXDUO.NX_WEB_HTTP_NO_FILEX=false
NETXDUO.NX_WEB_HTTP_SERVER_PRIORITY=(NETX_IP_THREAD_PRIORITY + 1)
NVIC.BusFault_IRQn=true\:0\:0\:false\:false\:true\:false\:false\:false\:false
NVIC.DebugMonitor_IRQn=true\:0\:0\:false\:false\:true\:false\:false\:false\:false
NVIC.EXTI3_IRQn=true\:2\:0\:true\:false\:true\:false\:true\:true\:true
NVIC.EXTI4_IRQn=true\:2\:0\:true\:false\:true\:false\:true\:true\:true
NVIC.ForceEnableDMAVector=true
NVIC.GPDMA1_Channel4_IRQn=true\:2\:0\:true\:false\:true\:true\:false\:true\:true
NVIC.GPDMA1_Channel5_IRQn=true\:2\:0\:true\:false\:true\:true\:false\:true\:true
NVIC.HardFault_IRQn=true\:0\:0\:false\:false\:true\:false\:false\:false\:false
NVIC.MemoryManagement_IRQn=true\:0\:0\:false\:false\:true\:false\:false\:false\:false
NVIC.NonMaskableInt_IRQn=true\:0\:0\:false\:false\:true\:false\:false\:false\:false
NVIC.PendSV_IRQn=true\:0\:0\:false\:false\:false\:false\:false\:false\:false
NVIC.PriorityGroup=NVIC_PRIORITYGROUP_4
NVIC.SPI5_IRQn=true\:2\:0\:true\:false\:true\:false\:true\:true\:true
NVIC.SVCall_IRQn=true\:0\:0\:false\:false\:false\:false\:false\:false\:false
NVIC.SavedPendsvIrqHandlerGenerated=true
NVIC.SavedSvcallIrqHandlerGenerated=true
NVIC.SavedSystickIrqHandlerGenerated=true
NVIC.SysTick_IRQn=true\:0\:0\:false\:false\:false\:false\:false\:true\:false
NVIC.TIM6_IRQn=true\:0\:0\:true\:false\:true\:false\:false\:true\:true
NVIC.TimeBase=TIM6_IRQn
NVIC.TimeBaseIP=TIM6
NVIC.USART1_IRQn=true\:3\:0\:true\:false\:true\:false\:true\:true\:true
NVIC.UsageFault_IRQn=true\:0\:0\:false\:false\:true\:false\:false\:false\:false
PA10.GPIOParameters=GPIO_Speed
PA10.GPIO_Speed=GPIO_SPEED_FREQ_HIGH
PA10.Locked=true
PA10.Mode=Asynchronous
PA10.Signal=USART1_RX
PA13(JTMS/SWDIO).Mode=Trace_Asynchronous_SW
PA13(JTMS/SWDIO).Signal=DEBUG_JTMS-SWDIO
PA14(JTCK/SWCLK).Mode=Trace_Asynchronous_SW
PA14(JTCK/SWCLK).Signal=DEBUG_JTCK-SWCLK
PA9.GPIOParameters=GPIO_Speed
PA9.GPIO_Speed=GPIO_SPEED_FREQ_HIGH
PA9.Locked=true
PA9.Mode=Asynchronous
PA9.Signal=USART1_TX
PB0.GPIOParameters=PinState,GPIO_Label
PB0.GPIO_Label=MXCHIP_BOOT
PB0.Locked=true
PB0.PinState=GPIO_PIN_SET
PB0.Signal=GPIO_Output
PB3(JTDO/TRACESWO).Mode=Trace_Asynchronous_SW
PB3(JTDO/TRACESWO).Signal=DEBUG_JTDO-SWO
PF3.GPIOParameters=GPIO_Label
PF3.GPIO_Label=MXCHIP_FLOW
PF3.Locked=true
PF3.Signal=GPXTI3
PF6.GPIOParameters=GPIO_Speed,PinState,GPIO_Label
PF6.GPIO_Label=MXCHIP_NSS
PF6.GPIO_Speed=GPIO_SPEED_FREQ_HIGH
PF6.Locked=true
PF6.PinState=GPIO_PIN_SET
PF6.Signal=GPIO_Output
PF7.GPIOParameters=GPIO_Speed
PF7.GPIO_Speed=GPIO_SPEED_FREQ_HIGH
PF7.Mode=Full_Duplex_Master
PF7.Signal=SPI5_SCK
PF8.GPIOParameters=GPIO_Speed
PF8.GPIO_Speed=GPIO_SPEED_FREQ_HIGH
PF8.Mode=Full_Duplex_Master
PF8.Signal=SPI5_MISO
PF9.GPIOParameters=GPIO_Speed
PF9.GPIO_Speed=GPIO_SPEED_FREQ_HIGH
PF9.Locked=true
PF9.Mode=Full_Duplex_Master
PF9.Signal=SPI5_MOSI
PH4.GPIOParameters=GPIO_Label
PH4.GPIO_Label=MXCHIP_NOTIFY
PH4.Locked=true
PH4.Signal=GPXTI4
PH8.GPIOParameters=PinState,GPIO_Label
PH8.GPIO_Label=MXCHIP_RESET
PH8.Locked=true
PH8.PinState=GPIO_PIN_SET
PH8.Signal=GPIO_Output
PinOutPanel.CurrentBGAView=Top
PinOutPanel.RotationAngle=0
ProjectManager.AskForMigrate=true
ProjectManager.BackupPrevious=false
ProjectManager.CompilerOptimize=6
ProjectManager.ComputerToolchain=false
ProjectManager.CoupleFile=false
ProjectManager.DeletePrevious=true
ProjectManager.DeviceId=STM32H573IIKxQ
ProjectManager.FreePins=false
ProjectManager.HalAssertFull=true
ProjectManager.HeapSize=0x2000
ProjectManager.KeepUserCode=true
ProjectManager.LastFirmware=false
ProjectManager.LibraryCopy=2
ProjectManager.MainLocation=Core/Src
ProjectManager.NoMain=false
ProjectManager.PreviousToolchain=
ProjectManager.ProjectBuild=false
ProjectManager.ProjectFileName=Nx_Iperf_wifi.ioc
ProjectManager.ProjectName=Nx_Iperf_wifi
ProjectManager.ProjectStructure=
ProjectManager.RegisterCallBack=
ProjectManager.StackSize=0x2000
ProjectManager.TargetToolchain=EWARM V9.20
ProjectManager.ToolChainLocation=
ProjectManager.UnderRoot=false
ProjectManager.functionlistsort=1-SystemClock_Config-RCC-false-HAL-false,2-MX_GPIO_Init-GPIO-false-HAL-true,3-MX_GPDMA1_Init-GPDMA1-false-HAL-true,4-MX_ICACHE_Init-ICACHE-false-HAL-true,5-MX_USART1_UART_Init-USART1-false-HAL-true,6-MX_SPI5_Init-SPI5-false-HAL-true,7-MX_RNG_Init-RNG-false-HAL-true,8-MX_NetXDuo_Init-NETXDUO-false-HAL-false,9-MX_FileX_Init-FILEX-false-HAL-false,0-MX_CORTEX_M33_NS_Init-CORTEX_M33_NS-false-HAL-true,0-MX_PWR_Init-PWR-false-HAL-true
RCC.ADCFreq_Value=240000000
RCC.AHBFreq_Value=240000000
RCC.APB1Freq_Value=240000000
RCC.APB1TimFreq_Value=240000000
RCC.APB2Freq_Value=240000000
RCC.APB2TimFreq_Value=240000000
RCC.APB3Freq_Value=240000000
RCC.CECFreq_Value=32000
RCC.CKPERFreq_Value=64000000
RCC.CRSFreq_Value=48000000
RCC.CSI_VALUE=4000000
RCC.CortexFreq_Value=240000000
RCC.DACFreq_Value=32768
RCC.EPOD_VALUE=64000000
RCC.ETHFreq_Value=240000000
RCC.FCLKCortexFreq_Value=240000000
RCC.FDCANFreq_Value=25000000
RCC.FamilyName=M
RCC.HCLKFreq_Value=240000000
RCC.HSE_VALUE=25000000
RCC.HSI48_VALUE=48000000
RCC.HSIDiv=RCC_HSI_DIV1
RCC.HSI_VALUE=64000000
RCC.I2C1Freq_Value=240000000
RCC.I2C2Freq_Value=240000000
RCC.I2C3Freq_Value=240000000
RCC.I2C4Freq_Value=240000000
RCC.I3C1Freq_Value=240000000
RCC.IPParameters=ADCFreq_Value,AHBFreq_Value,APB1Freq_Value,APB1TimFreq_Value,APB2Freq_Value,APB2TimFreq_Value,APB3Freq_Value,CECFreq_Value,CKPERFreq_Value,CRSFreq_Value,CSI_VALUE,CortexFreq_Value,DACFreq_Value,EPOD_VALUE,ETHFreq_Value,FCLKCortexFreq_Value,FDCANFreq_Value,FamilyName,HCLKFreq_Value,HSE_VALUE,HSI48_VALUE,HSIDiv,HSI_VALUE,I2C1Freq_Value,I2C2Freq_Value,I2C3Freq_Value,I2C4Freq_Value,I3C1Freq_Value,LPTIM1Freq_Value,LPTIM2Freq_Value,LPTIM3Freq_Value,LPTIM4Freq_Value,LPTIM5Freq_Value,LPTIM6Freq_Value,LPUART1Freq_Value,LSCOPinFreq_Value,LSE_VALUE,LSIRC_VALUE,MCO1PinFreq_Value,MCO2PinFreq_Value,OCTOSPIMFreq_Value,PLL2PoutputFreq_Value,PLL2QoutputFreq_Value,PLL2RoutputFreq_Value,PLL3PoutputFreq_Value,PLL3QoutputFreq_Value,PLL3RoutputFreq_Value,PLLFRACN,PLLM,PLLN,PLLPoutputFreq_Value,PLLQoutputFreq_Value,PLLSourceVirtual,PWRFreq_Value,RNGFreq_Value,SAI1Freq_Value,SAI2Freq_Value,SDMMC1Freq_Value,SDMMC2Freq_Value,SPI1Freq_Value,SPI2Freq_Value,SPI3Freq_Value,SPI4Freq_Value,SPI5Freq_Value,SPI6Freq_Value,SYSCLKFreq_VALUE,SYSCLKSource,UART12Freq_Value,UART4Freq_Value,UART5Freq_Value,UART7Freq_Value,UART8Freq_Value,UART9Freq_Value,UCPD1outputFreq_Value,USART10Freq_Value,USART11Freq_Value,USART1Freq_Value,USART2Freq_Value,USART3Freq_Value,USART6Freq_Value,USBFreq_Value,VCOInput2Freq_Value,VCOInput3Freq_Value,VCOInputFreq_Value,VCOOutputFreq_Value,VCOPLL2OutputFreq_Value,VCOPLL3OutputFreq_Value
RCC.LPTIM1Freq_Value=240000000
RCC.LPTIM2Freq_Value=240000000
RCC.LPTIM3Freq_Value=240000000
RCC.LPTIM4Freq_Value=240000000
RCC.LPTIM5Freq_Value=240000000
RCC.LPTIM6Freq_Value=240000000
RCC.LPUART1Freq_Value=240000000
RCC.LSCOPinFreq_Value=32000
RCC.LSE_VALUE=32768
RCC.LSIRC_VALUE=32000
RCC.MCO1PinFreq_Value=64000000
RCC.MCO2PinFreq_Value=240000000
RCC.OCTOSPIMFreq_Value=240000000
RCC.PLL2PoutputFreq_Value=258000000
RCC.PLL2QoutputFreq_Value=258000000
RCC.PLL2RoutputFreq_Value=258000000
RCC.PLL3PoutputFreq_Value=258000000
RCC.PLL3QoutputFreq_Value=258000000
RCC.PLL3RoutputFreq_Value=258000000
RCC.PLLFRACN=0
RCC.PLLM=8
RCC.PLLN=60
RCC.PLLPoutputFreq_Value=240000000
RCC.PLLQoutputFreq_Value=240000000
RCC.PLLSourceVirtual=RCC_PLL1_SOURCE_HSI
RCC.PWRFreq_Value=240000000
RCC.RNGFreq_Value=48000000
RCC.SAI1Freq_Value=258000000
RCC.SAI2Freq_Value=258000000
RCC.SDMMC1Freq_Value=240000000
RCC.SDMMC2Freq_Value=240000000
RCC.SPI1Freq_Value=240000000
RCC.SPI2Freq_Value=240000000
RCC.SPI3Freq_Value=240000000
RCC.SPI4Freq_Value=240000000
RCC.SPI5Freq_Value=240000000
RCC.SPI6Freq_Value=240000000
RCC.SYSCLKFreq_VALUE=240000000
RCC.SYSCLKSource=RCC_SYSCLKSOURCE_PLLCLK
RCC.UART12Freq_Value=240000000
RCC.UART4Freq_Value=240000000
RCC.UART5Freq_Value=240000000
RCC.UART7Freq_Value=240000000
RCC.UART8Freq_Value=240000000
RCC.UART9Freq_Value=240000000
RCC.UCPD1outputFreq_Value=16000000
RCC.USART10Freq_Value=240000000
RCC.USART11Freq_Value=240000000
RCC.USART1Freq_Value=240000000
RCC.USART2Freq_Value=240000000
RCC.USART3Freq_Value=240000000
RCC.USART6Freq_Value=240000000
RCC.USBFreq_Value=48000000
RCC.VCOInput2Freq_Value=4000000
RCC.VCOInput3Freq_Value=4000000
RCC.VCOInputFreq_Value=8000000
RCC.VCOOutputFreq_Value=480000000
RCC.VCOPLL2OutputFreq_Value=516000000
RCC.VCOPLL3OutputFreq_Value=516000000
SH.GPXTI3.0=GPIO_EXTI3
SH.GPXTI3.ConfNb=1
SH.GPXTI4.0=GPIO_EXTI4
SH.GPXTI4.ConfNb=1
SPI5.BaudRatePrescaler=SPI_BAUDRATEPRESCALER_8
SPI5.CalculateBaudRate=30.0 MBits/s
SPI5.DataSize=SPI_DATASIZE_8BIT
SPI5.Direction=SPI_DIRECTION_2LINES
SPI5.IOSwap=SPI_IO_SWAP_DISABLE
SPI5.IPParameters=VirtualType,Mode,Direction,CalculateBaudRate,BaudRatePrescaler,DataSize,NSSPMode,IOSwap
SPI5.Mode=SPI_MODE_MASTER
SPI5.NSSPMode=SPI_NSS_PULSE_DISABLE
SPI5.VirtualType=VM_MASTER
THREADX.IPParameters=TX_MINIMUM_STACK,TX_TIMER_TICKS_PER_SECOND,TX_APP_MEM_POOL_SIZE
THREADX.IPParametersWithoutCheck=TX_APP_MEM_POOL_SIZE
THREADX.TX_APP_MEM_POOL_SIZE=(2 * 1024)
THREADX.TX_MINIMUM_STACK=400
THREADX.TX_TIMER_TICKS_PER_SECOND=1000
USART1.DMADisableonRxErrorParam=ADVFEATURE_DMA_DISABLEONRXERROR
USART1.IPParameters=VirtualMode,DMADisableonRxErrorParam,Mode
USART1.Mode=MODE_TX
USART1.VirtualMode=VM_ASYNC
VP_FILEX_VS_FileOoSystemJjFileXJjCore.Mode=FileX_Core
VP_FILEX_VS_FileOoSystemJjFileXJjCore.Signal=FILEX_VS_FileOoSystemJjFileXJjCore
VP_GPDMA1_VS_GPDMACH4.Mode=SIMPLEREQUEST_GPDMACH4
VP_GPDMA1_VS_GPDMACH4.Signal=GPDMA1_VS_GPDMACH4
VP_GPDMA1_VS_GPDMACH5.Mode=SIMPLEREQUEST_GPDMACH5
VP_GPDMA1_VS_GPDMACH5.Signal=GPDMA1_VS_GPDMACH5
VP_ICACHE_VS_ICACHE.Mode=DefaultMode
VP_ICACHE_VS_ICACHE.Signal=ICACHE_VS_ICACHE
VP_NETXDUO_VS_AddonsOoDHCP.Mode=Addons_DHCP_Client
VP_NETXDUO_VS_AddonsOoDHCP.Signal=NETXDUO_VS_AddonsOoDHCP
VP_NETXDUO_VS_AddonsOoWebOoServer.Mode=Addons_Web_Server
VP_NETXDUO_VS_AddonsOoWebOoServer.Signal=NETXDUO_VS_AddonsOoWebOoServer
VP_NETXDUO_VS_NXOoCore.Mode=NX_Core
VP_NETXDUO_VS_NXOoCore.Signal=NETXDUO_VS_NXOoCore
VP_PWR_VS_SECSignals.Mode=Security/Privilege
VP_PWR_VS_SECSignals.Signal=PWR_VS_SECSignals
VP_RNG_VS_RNG.Mode=RNG_Activate
VP_RNG_VS_RNG.Signal=RNG_VS_RNG
VP_SYS_VS_tim6.Mode=TIM6
VP_SYS_VS_tim6.Signal=SYS_VS_tim6
VP_THREADX_VS_RTOSJjThreadXJjCoreJjDefault.Mode=Core_Default
VP_THREADX_VS_RTOSJjThreadXJjCoreJjDefault.Signal=THREADX_VS_RTOSJjThreadXJjCoreJjDefault
board=custom
ProjectManager.Example=Nx_Iperf_wifi
ProjectManager.ExampleSource=CubeFw
